
Microsoft Visual Studio Solution File, Format Version 12.00
# Visual Studio Version 16
VisualStudioVersion = 16.0.30621.155
MinimumVisualStudioVersion = 10.0.40219.1
Project("{9A19103F-16F7-4668-BE54-9A1E7A4F7556}") = "PermutationPalindrome", "PermutationPalindrome\PermutationPalindrome.csproj", "{686F3A39-3010-4ABA-8DD0-837C43E1F729}"
EndProject
Project("{9A19103F-16F7-4668-BE54-9A1E7A4F7556}") = "PalindromeTest", "PalindromeTest\PalindromeTest.csproj", "{C295B9C0-2667-4648-8414-4369997B29EA}"
EndProject
Project("{FAE04EC0-301F-11D3-BF4B-00C04F79EFBC}") = "PalindromeBenchmark", "PalindromeBenchmark\PalindromeBenchmark.csproj", "{5D1B6036-8935-4CD0-8DE6-C2A2D759E5CB}"
EndProject
Global
	GlobalSection(SolutionConfigurationPlatforms) = preSolution
		Debug|Any CPU = Debug|Any CPU
		Release|Any CPU = Release|Any CPU
	EndGlobalSection
	GlobalSection(ProjectConfigurationPlatforms) = postSolution
		{686F3A39-3010-4ABA-8DD0-837C43E1F729}.Debug|Any CPU.ActiveCfg = Debug|Any CPU
		{686F3A39-3010-4ABA-8DD0-837C43E1F729}.Debug|Any CPU.Build.0 = Debug|Any CPU
		{686F3A39-3010-4ABA-8DD0-837C43E1F729}.Release|Any CPU.ActiveCfg = Release|Any CPU
		{686F3A39-3010-4ABA-8DD0-837C43E1F729}.Release|Any CPU.Build.0 = Release|Any CPU
		{C295B9C0-2667-4648-8414-4369997B29EA}.Debug|Any CPU.ActiveCfg = Debug|Any CPU
		{C295B9C0-2667-4648-8414-4369997B29EA}.Debug|Any CPU.Build.0 = Debug|Any CPU
		{C295B9C0-2667-4648-8414-4369997B29EA}.Release|Any CPU.ActiveCfg = Release|Any CPU
		{C295B9C0-2667-4648-8414-4369997B29EA}.Release|Any CPU.Build.0 = Release|Any CPU
		{5D1B6036-8935-4CD0-8DE6-C2A2D759E5CB}.Debug|Any CPU.ActiveCfg = Debug|Any CPU
		{5D1B6036-8935-4CD0-8DE6-C2A2D759E5CB}.Debug|Any CPU.Build.0 = Debug|Any CPU
		{5D1B6036-8935-4CD0-8DE6-C2A2D759E5CB}.Release|Any CPU.ActiveCfg = Release|Any CPU
		{5D1B6036-8935-4CD0-8DE6-C2A2D759E5CB}.Release|Any CPU.Build.0 = Release|Any CPU
	EndGlobalSection
	GlobalSection(SolutionProperties) = preSolution
		HideSolutionNode = FALSE
	EndGlobalSection
	GlobalSection(ExtensibilityGlobals) = postSolution
		SolutionGuid = {C91B9ED2-1142-4F44-8C20-D18869A1B4FB}
	EndGlobalSection
EndGlobal
